<Solution>
  <Folder Name="/src/">
    <Project Path="src/EutherWire.App/EutherWire.App.csproj" />
    <Project Path="src/EutherWire.Cli/EutherWire.Cli.csproj" />
    <Project Path="src/EutherWire.Document/EutherWire.Document.csproj" />
    <Project Path="src/EutherWire.Export/EutherWire.Export.csproj" />
  </Folder>
  <Folder Name="/tests/">
    <Project Path="tests/EutherWire.Document.Checks/EutherWire.Document.Checks.csproj" />
  </Folder>
</Solution>
